{
  "name": "TuumProject",
  "lockfileVersion": 3,
  "requires": true,
  "packages": {
    "": {
      "dependencies": {
        "darkreader": "^4.9.86"
      }
    },
    "node_modules/darkreader": {
      "version": "4.9.86",
      "resolved": "https://registry.npmjs.org/darkreader/-/darkreader-4.9.86.tgz",
      "integrity": "sha512-PfenQKfv6gxGbknCNs7+ccGlP1HZy+8j3L0GVx3e0Pi0lxiZLZuNO1SVgKnBPZ4h3Lvr5nzgVkWw3E703/zZKQ==",
      "funding": {
        "type": "opencollective",
        "url": "https://opencollective.com/darkreader/donate"
      }
    }
  }
}
